PODS:
  - Realm (3.16.2):
    - Realm/Headers (= 3.16.2)
  - Realm/Headers (3.16.2)
  - RealmSwift (3.16.2):
    - Realm (= 3.16.2)
  - Swinject (2.6.1)
  - SwinjectStoryboard (2.2.0):
    - Swinject (~> 2.6)

DEPENDENCIES:
  - RealmSwift
  - Swinject
  - SwinjectStoryboard

SPEC REPOS:
  https://github.com/cocoapods/specs.git:
    - Realm
    - RealmSwift
    - Swinject
    - SwinjectStoryboard

SPEC CHECKSUMS:
  Realm: 0e73b4edeb5b6a90da3d83206883b2e34e00eb38
  RealmSwift: a81e650171ef0a5f999df1ed8d39ba8d6fce88a4
  Swinject: b624462f47b635a64f89a60a247baa5fccec14e1
  SwinjectStoryboard: 32512ef16c2b0ff5b8f823b23539c4a50f6d3383

PODFILE CHECKSUM: 4361304532957e09f4fa2158bc474eadf1c605dc

COCOAPODS: 1.7.2
